
Microsoft Visual Studio Solution File, Format Version 12.00
# Visual Studio 14
VisualStudioVersion = 14.0.25420.1
MinimumVisualStudioVersion = 10.0.40219.1
Project("{FAE04EC0-301F-11D3-BF4B-00C04F79EFBC}") = "scut2016", "scut2016\scut2016.csproj", "{741659D0-B8ED-49D4-8292-32C59BACF402}"
EndProject
Project("{FAE04EC0-301F-11D3-BF4B-00C04F79EFBC}") = "scut2013", "scut2013\scut2013.csproj", "{6F572F3E-D11E-4101-B7BF-380F6964FE5D}"
EndProject
Project("{FAE04EC0-301F-11D3-BF4B-00C04F79EFBC}") = "scut2014", "scut2014\scut2014.csproj", "{BB9CF7B7-58B7-4137-9881-C229A05590B5}"
EndProject
Project("{FAE04EC0-301F-11D3-BF4B-00C04F79EFBC}") = "scut2015", "scut2015\scut2015.csproj", "{A672024E-F657-4EC8-91A6-78580673898C}"
EndProject
Global
	GlobalSection(SolutionConfigurationPlatforms) = preSolution
		Debug|Any CPU = Debug|Any CPU
		Release|Any CPU = Release|Any CPU
	EndGlobalSection
	GlobalSection(ProjectConfigurationPlatforms) = postSolution
		{741659D0-B8ED-49D4-8292-32C59BACF402}.Debug|Any CPU.ActiveCfg = Debug|Any CPU
		{741659D0-B8ED-49D4-8292-32C59BACF402}.Debug|Any CPU.Build.0 = Debug|Any CPU
		{741659D0-B8ED-49D4-8292-32C59BACF402}.Release|Any CPU.ActiveCfg = Release|Any CPU
		{741659D0-B8ED-49D4-8292-32C59BACF402}.Release|Any CPU.Build.0 = Release|Any CPU
		{6F572F3E-D11E-4101-B7BF-380F6964FE5D}.Debug|Any CPU.ActiveCfg = Debug|Any CPU
		{6F572F3E-D11E-4101-B7BF-380F6964FE5D}.Debug|Any CPU.Build.0 = Debug|Any CPU
		{6F572F3E-D11E-4101-B7BF-380F6964FE5D}.Release|Any CPU.ActiveCfg = Release|Any CPU
		{6F572F3E-D11E-4101-B7BF-380F6964FE5D}.Release|Any CPU.Build.0 = Release|Any CPU
		{BB9CF7B7-58B7-4137-9881-C229A05590B5}.Debug|Any CPU.ActiveCfg = Debug|Any CPU
		{BB9CF7B7-58B7-4137-9881-C229A05590B5}.Debug|Any CPU.Build.0 = Debug|Any CPU
		{BB9CF7B7-58B7-4137-9881-C229A05590B5}.Release|Any CPU.ActiveCfg = Release|Any CPU
		{BB9CF7B7-58B7-4137-9881-C229A05590B5}.Release|Any CPU.Build.0 = Release|Any CPU
		{A672024E-F657-4EC8-91A6-78580673898C}.Debug|Any CPU.ActiveCfg = Debug|Any CPU
		{A672024E-F657-4EC8-91A6-78580673898C}.Debug|Any CPU.Build.0 = Debug|Any CPU
		{A672024E-F657-4EC8-91A6-78580673898C}.Release|Any CPU.ActiveCfg = Release|Any CPU
		{A672024E-F657-4EC8-91A6-78580673898C}.Release|Any CPU.Build.0 = Release|Any CPU
	EndGlobalSection
	GlobalSection(SolutionProperties) = preSolution
		HideSolutionNode = FALSE
	EndGlobalSection
EndGlobal
